// !$*UTF8*$!
{
	archiveVersion = 1;
	classes = {
	};
	objectVersion = 46;
	objects = {

/* Begin PBXBuildFile section */
		306CF2C980B5598F3A9F4EDB /* Pods.framework in Frameworks */ = {isa = PBXBuildFile; fileRef = 79377143674F87C3310F5498 /* Pods.framework */; };
		DA132FE21C5623D9004938F4 /* PieceViewController.swift in Sources */ = {isa = PBXBuildFile; fileRef = DA132FE11C5623D9004938F4 /* PieceViewController.swift */; };
		DA132FE41C562806004938F4 /* ChannelViewController.swift in Sources */ = {isa = PBXBuildFile; fileRef = DA132FE31C562806004938F4 /* ChannelViewController.swift */; };
		DA16506F1C5682B100B47683 /* AddPieceView.swift in Sources */ = {isa = PBXBuildFile; fileRef = DA16506E1C5682B100B47683 /* AddPieceView.swift */; };
		DA1650711C5742E700B47683 /* AddCommentView.swift in Sources */ = {isa = PBXBuildFile; fileRef = DA1650701C5742E700B47683 /* AddCommentView.swift */; };
		DA1650731C5B189300B47683 /* UIImage+Normalized.swift in Sources */ = {isa = PBXBuildFile; fileRef = DA1650721C5B189300B47683 /* UIImage+Normalized.swift */; };
		DA1650761C5B3CB600B47683 /* UIImageView+Load.swift in Sources */ = {isa = PBXBuildFile; fileRef = DA1650751C5B3CB600B47683 /* UIImageView+Load.swift */; };
		DA1650781C5B5A4800B47683 /* ProfileCell.swift in Sources */ = {isa = PBXBuildFile; fileRef = DA1650771C5B5A4800B47683 /* ProfileCell.swift */; };
		DA16507A1C5B60BC00B47683 /* UIButton+Load.swift in Sources */ = {isa = PBXBuildFile; fileRef = DA1650791C5B60BC00B47683 /* UIButton+Load.swift */; };
		DA16507C1C6082EC00B47683 /* UIColor+Style.swift in Sources */ = {isa = PBXBuildFile; fileRef = DA16507B1C6082EC00B47683 /* UIColor+Style.swift */; };
		DA16507E1C60885A00B47683 /* UIConstant.swift in Sources */ = {isa = PBXBuildFile; fileRef = DA16507D1C60885A00B47683 /* UIConstant.swift */; };
		DA662BD11C4157C3001D2855 /* MainController.swift in Sources */ = {isa = PBXBuildFile; fileRef = DA662BD01C4157C3001D2855 /* MainController.swift */; };
		DA662BD31C41582B001D2855 /* FavorChannelTableViewController.swift in Sources */ = {isa = PBXBuildFile; fileRef = DA662BD21C41582B001D2855 /* FavorChannelTableViewController.swift */; };
		DA662BD51C41583F001D2855 /* SuggestChannelTableViewController.swift in Sources */ = {isa = PBXBuildFile; fileRef = DA662BD41C41583F001D2855 /* SuggestChannelTableViewController.swift */; };
		DA662BD71C415886001D2855 /* Channel1ViewController.swift in Sources */ = {isa = PBXBuildFile; fileRef = DA662BD61C415886001D2855 /* Channel1ViewController.swift */; };
		DA662BD91C4158A8001D2855 /* ProfileViewController.swift in Sources */ = {isa = PBXBuildFile; fileRef = DA662BD81C4158A8001D2855 /* ProfileViewController.swift */; };
		DA662BDB1C41595B001D2855 /* Channel.swift in Sources */ = {isa = PBXBuildFile; fileRef = DA662BDA1C41595B001D2855 /* Channel.swift */; };
		DA662BDD1C41596E001D2855 /* Piece.swift in Sources */ = {isa = PBXBuildFile; fileRef = DA662BDC1C41596E001D2855 /* Piece.swift */; };
		DA662BDF1C415A2A001D2855 /* User.swift in Sources */ = {isa = PBXBuildFile; fileRef = DA662BDE1C415A2A001D2855 /* User.swift */; };
		DA662BE11C415BFC001D2855 /* UserApi.swift in Sources */ = {isa = PBXBuildFile; fileRef = DA662BE01C415BFC001D2855 /* UserApi.swift */; };
		DA662BE31C415C08001D2855 /* ChannelApi.swift in Sources */ = {isa = PBXBuildFile; fileRef = DA662BE21C415C08001D2855 /* ChannelApi.swift */; };
		DA662BE51C415C13001D2855 /* PieceApi.swift in Sources */ = {isa = PBXBuildFile; fileRef = DA662BE41C415C13001D2855 /* PieceApi.swift */; };
		DA662BE71C424510001D2855 /* User+Api.swift in Sources */ = {isa = PBXBuildFile; fileRef = DA662BE61C424510001D2855 /* User+Api.swift */; };
		DA662BE91C42451F001D2855 /* Piece+Api.swift in Sources */ = {isa = PBXBuildFile; fileRef = DA662BE81C42451F001D2855 /* Piece+Api.swift */; };
		DA662BEB1C42452C001D2855 /* Channel+Api.swift in Sources */ = {isa = PBXBuildFile; fileRef = DA662BEA1C42452C001D2855 /* Channel+Api.swift */; };
		DA662BED1C425156001D2855 /* ChannelListCell.swift in Sources */ = {isa = PBXBuildFile; fileRef = DA662BEC1C425156001D2855 /* ChannelListCell.swift */; };
		DA662BEF1C4263FF001D2855 /* PieceListCell.swift in Sources */ = {isa = PBXBuildFile; fileRef = DA662BEE1C4263FF001D2855 /* PieceListCell.swift */; };
		DA662BF11C42AD36001D2855 /* Piece1ViewController.swift in Sources */ = {isa = PBXBuildFile; fileRef = DA662BF01C42AD36001D2855 /* Piece1ViewController.swift */; };
		DA662BF31C42AE68001D2855 /* CommentCell.swift in Sources */ = {isa = PBXBuildFile; fileRef = DA662BF21C42AE68001D2855 /* CommentCell.swift */; };
		DA662BF51C451CE5001D2855 /* PieceDetailCell.swift in Sources */ = {isa = PBXBuildFile; fileRef = DA662BF41C451CE5001D2855 /* PieceDetailCell.swift */; };
		DA662BF71C452BC6001D2855 /* Comment.swift in Sources */ = {isa = PBXBuildFile; fileRef = DA662BF61C452BC6001D2855 /* Comment.swift */; };
		DA662BF91C45F380001D2855 /* Comment+Api.swift in Sources */ = {isa = PBXBuildFile; fileRef = DA662BF81C45F380001D2855 /* Comment+Api.swift */; };
		DA662BFB1C45F769001D2855 /* CommentApi.swift in Sources */ = {isa = PBXBuildFile; fileRef = DA662BFA1C45F769001D2855 /* CommentApi.swift */; };
		DAB5029B1C61ADD900DE9ACC /* SharpSeparatorView.swift in Sources */ = {isa = PBXBuildFile; fileRef = DAB5029A1C61ADD900DE9ACC /* SharpSeparatorView.swift */; };
		DAEF0C6C1C3BAB81009E52FF /* AppDelegate.swift in Sources */ = {isa = PBXBuildFile; fileRef = DAEF0C6B1C3BAB81009E52FF /* AppDelegate.swift */; };
		DAEF0C731C3BAB81009E52FF /* Main.storyboard in Resources */ = {isa = PBXBuildFile; fileRef = DAEF0C711C3BAB81009E52FF /* Main.storyboard */; };
		DAEF0C751C3BAB81009E52FF /* Assets.xcassets in Resources */ = {isa = PBXBuildFile; fileRef = DAEF0C741C3BAB81009E52FF /* Assets.xcassets */; };
		DAEF0C781C3BAB81009E52FF /* LaunchScreen.storyboard in Resources */ = {isa = PBXBuildFile; fileRef = DAEF0C761C3BAB81009E52FF /* LaunchScreen.storyboard */; };
		DAEF0C831C3BAB81009E52FF /* pomeloTests.swift in Sources */ = {isa = PBXBuildFile; fileRef = DAEF0C821C3BAB81009E52FF /* pomeloTests.swift */; };
		DAEF0C8E1C3BAB81009E52FF /* pomeloUITests.swift in Sources */ = {isa = PBXBuildFile; fileRef = DAEF0C8D1C3BAB81009E52FF /* pomeloUITests.swift */; };
		DAF71AC41C4E10EC00969691 /* BaseApi.swift in Sources */ = {isa = PBXBuildFile; fileRef = DAF71AC31C4E10EC00969691 /* BaseApi.swift */; };
		DAF71AC61C4F7F3700969691 /* RootController.swift in Sources */ = {isa = PBXBuildFile; fileRef = DAF71AC51C4F7F3700969691 /* RootController.swift */; };
		DAF71AC81C4F7F6B00969691 /* RegisterController.swift in Sources */ = {isa = PBXBuildFile; fileRef = DAF71AC71C4F7F6B00969691 /* RegisterController.swift */; };
/* End PBXBuildFile section */

/* Begin PBXContainerItemProxy section */
		DAEF0C7F1C3BAB81009E52FF /* PBXContainerItemProxy */ = {
			isa = PBXContainerItemProxy;
			containerPortal = DAEF0C601C3BAB81009E52FF /* Project object */;
			proxyType = 1;
			remoteGlobalIDString = DAEF0C671C3BAB81009E52FF;
			remoteInfo = pomelo;
		};
		DAEF0C8A1C3BAB81009E52FF /* PBXContainerItemProxy */ = {
			isa = PBXContainerItemProxy;
			containerPortal = DAEF0C601C3BAB81009E52FF /* Project object */;
			proxyType = 1;
			remoteGlobalIDString = DAEF0C671C3BAB81009E52FF;
			remoteInfo = pomelo;
		};
/* End PBXContainerItemProxy section */

/* Begin PBXFileReference section */
		4303C0B3783024E7C66619A3 /* Pods.debug.xcconfig */ = {isa = PBXFileReference; includeInIndex = 1; lastKnownFileType = text.xcconfig; name = Pods.debug.xcconfig; path = "Pods/Target Support Files/Pods/Pods.debug.xcconfig"; sourceTree = "<group>"; };
		79377143674F87C3310F5498 /* Pods.framework */ = {isa = PBXFileReference; explicitFileType = wrapper.framework; includeInIndex = 0; path = Pods.framework; sourceTree = BUILT_PRODUCTS_DIR; };
		D1B657D19CAFE63EEE4DB4FF /* Pods.release.xcconfig */ = {isa = PBXFileReference; includeInIndex = 1; lastKnownFileType = text.xcconfig; name = Pods.release.xcconfig; path = "Pods/Target Support Files/Pods/Pods.release.xcconfig"; sourceTree = "<group>"; };
		DA132FE11C5623D9004938F4 /* PieceViewController.swift */ = {isa = PBXFileReference; fileEncoding = 4; lastKnownFileType = sourcecode.swift; path = PieceViewController.swift; sourceTree = "<group>"; };
		DA132FE31C562806004938F4 /* ChannelViewController.swift */ = {isa = PBXFileReference; fileEncoding = 4; lastKnownFileType = sourcecode.swift; path = ChannelViewController.swift; sourceTree = "<group>"; };
		DA16506E1C5682B100B47683 /* AddPieceView.swift */ = {isa = PBXFileReference; fileEncoding = 4; lastKnownFileType = sourcecode.swift; path = AddPieceView.swift; sourceTree = "<group>"; };
		DA1650701C5742E700B47683 /* AddCommentView.swift */ = {isa = PBXFileReference; fileEncoding = 4; lastKnownFileType = sourcecode.swift; path = AddCommentView.swift; sourceTree = "<group>"; };
		DA1650721C5B189300B47683 /* UIImage+Normalized.swift */ = {isa = PBXFileReference; fileEncoding = 4; lastKnownFileType = sourcecode.swift; path = "UIImage+Normalized.swift"; sourceTree = "<group>"; };
		DA1650751C5B3CB600B47683 /* UIImageView+Load.swift */ = {isa = PBXFileReference; fileEncoding = 4; lastKnownFileType = sourcecode.swift; path = "UIImageView+Load.swift"; sourceTree = "<group>"; };
		DA1650771C5B5A4800B47683 /* ProfileCell.swift */ = {isa = PBXFileReference; fileEncoding = 4; lastKnownFileType = sourcecode.swift; path = ProfileCell.swift; sourceTree = "<group>"; };
		DA1650791C5B60BC00B47683 /* UIButton+Load.swift */ = {isa = PBXFileReference; fileEncoding = 4; lastKnownFileType = sourcecode.swift; path = "UIButton+Load.swift"; sourceTree = "<group>"; };
		DA16507B1C6082EC00B47683 /* UIColor+Style.swift */ = {isa = PBXFileReference; fileEncoding = 4; lastKnownFileType = sourcecode.swift; path = "UIColor+Style.swift"; sourceTree = "<group>"; };
		DA16507D1C60885A00B47683 /* UIConstant.swift */ = {isa = PBXFileReference; fileEncoding = 4; lastKnownFileType = sourcecode.swift; path = UIConstant.swift; sourceTree = "<group>"; };
		DA662BD01C4157C3001D2855 /* MainController.swift */ = {isa = PBXFileReference; fileEncoding = 4; lastKnownFileType = sourcecode.swift; path = MainController.swift; sourceTree = "<group>"; };
		DA662BD21C41582B001D2855 /* FavorChannelTableViewController.swift */ = {isa = PBXFileReference; fileEncoding = 4; lastKnownFileType = sourcecode.swift; path = FavorChannelTableViewController.swift; sourceTree = "<group>"; };
		DA662BD41C41583F001D2855 /* SuggestChannelTableViewController.swift */ = {isa = PBXFileReference; fileEncoding = 4; lastKnownFileType = sourcecode.swift; path = SuggestChannelTableViewController.swift; sourceTree = "<group>"; };
		DA662BD61C415886001D2855 /* Channel1ViewController.swift */ = {isa = PBXFileReference; fileEncoding = 4; lastKnownFileType = sourcecode.swift; path = Channel1ViewController.swift; sourceTree = "<group>"; };
		DA662BD81C4158A8001D2855 /* ProfileViewController.swift */ = {isa = PBXFileReference; fileEncoding = 4; lastKnownFileType = sourcecode.swift; path = ProfileViewController.swift; sourceTree = "<group>"; };
		DA662BDA1C41595B001D2855 /* Channel.swift */ = {isa = PBXFileReference; fileEncoding = 4; lastKnownFileType = sourcecode.swift; path = Channel.swift; sourceTree = "<group>"; };
		DA662BDC1C41596E001D2855 /* Piece.swift */ = {isa = PBXFileReference; fileEncoding = 4; lastKnownFileType = sourcecode.swift; path = Piece.swift; sourceTree = "<group>"; };
		DA662BDE1C415A2A001D2855 /* User.swift */ = {isa = PBXFileReference; fileEncoding = 4; lastKnownFileType = sourcecode.swift; path = User.swift; sourceTree = "<group>"; };
		DA662BE01C415BFC001D2855 /* UserApi.swift */ = {isa = PBXFileReference; fileEncoding = 4; lastKnownFileType = sourcecode.swift; path = UserApi.swift; sourceTree = "<group>"; };
		DA662BE21C415C08001D2855 /* ChannelApi.swift */ = {isa = PBXFileReference; fileEncoding = 4; lastKnownFileType = sourcecode.swift; path = ChannelApi.swift; sourceTree = "<group>"; };
		DA662BE41C415C13001D2855 /* PieceApi.swift */ = {isa = PBXFileReference; fileEncoding = 4; lastKnownFileType = sourcecode.swift; path = PieceApi.swift; sourceTree = "<group>"; };
		DA662BE61C424510001D2855 /* User+Api.swift */ = {isa = PBXFileReference; fileEncoding = 4; lastKnownFileType = sourcecode.swift; path = "User+Api.swift"; sourceTree = "<group>"; };
		DA662BE81C42451F001D2855 /* Piece+Api.swift */ = {isa = PBXFileReference; fileEncoding = 4; lastKnownFileType = sourcecode.swift; path = "Piece+Api.swift"; sourceTree = "<group>"; };
		DA662BEA1C42452C001D2855 /* Channel+Api.swift */ = {isa = PBXFileReference; fileEncoding = 4; lastKnownFileType = sourcecode.swift; path = "Channel+Api.swift"; sourceTree = "<group>"; };
		DA662BEC1C425156001D2855 /* ChannelListCell.swift */ = {isa = PBXFileReference; fileEncoding = 4; lastKnownFileType = sourcecode.swift; path = ChannelListCell.swift; sourceTree = "<group>"; };
		DA662BEE1C4263FF001D2855 /* PieceListCell.swift */ = {isa = PBXFileReference; fileEncoding = 4; lastKnownFileType = sourcecode.swift; path = PieceListCell.swift; sourceTree = "<group>"; };
		DA662BF01C42AD36001D2855 /* Piece1ViewController.swift */ = {isa = PBXFileReference; fileEncoding = 4; lastKnownFileType = sourcecode.swift; path = Piece1ViewController.swift; sourceTree = "<group>"; };
		DA662BF21C42AE68001D2855 /* CommentCell.swift */ = {isa = PBXFileReference; fileEncoding = 4; lastKnownFileType = sourcecode.swift; path = CommentCell.swift; sourceTree = "<group>"; };
		DA662BF41C451CE5001D2855 /* PieceDetailCell.swift */ = {isa = PBXFileReference; fileEncoding = 4; lastKnownFileType = sourcecode.swift; path = PieceDetailCell.swift; sourceTree = "<group>"; };
		DA662BF61C452BC6001D2855 /* Comment.swift */ = {isa = PBXFileReference; fileEncoding = 4; lastKnownFileType = sourcecode.swift; path = Comment.swift; sourceTree = "<group>"; };
		DA662BF81C45F380001D2855 /* Comment+Api.swift */ = {isa = PBXFileReference; fileEncoding = 4; lastKnownFileType = sourcecode.swift; path = "Comment+Api.swift"; sourceTree = "<group>"; };
		DA662BFA1C45F769001D2855 /* CommentApi.swift */ = {isa = PBXFileReference; fileEncoding = 4; lastKnownFileType = sourcecode.swift; path = CommentApi.swift; sourceTree = "<group>"; };
		DAB5029A1C61ADD900DE9ACC /* SharpSeparatorView.swift */ = {isa = PBXFileReference; fileEncoding = 4; lastKnownFileType = sourcecode.swift; path = SharpSeparatorView.swift; sourceTree = "<group>"; };
		DAEF0C681C3BAB81009E52FF /* pomelo.app */ = {isa = PBXFileReference; explicitFileType = wrapper.application; includeInIndex = 0; path = pomelo.app; sourceTree = BUILT_PRODUCTS_DIR; };
		DAEF0C6B1C3BAB81009E52FF /* AppDelegate.swift */ = {isa = PBXFileReference; lastKnownFileType = sourcecode.swift; path = AppDelegate.swift; sourceTree = "<group>"; };
		DAEF0C721C3BAB81009E52FF /* Base */ = {isa = PBXFileReference; lastKnownFileType = file.storyboard; name = Base; path = Base.lproj/Main.storyboard; sourceTree = "<group>"; };
		DAEF0C741C3BAB81009E52FF /* Assets.xcassets */ = {isa = PBXFileReference; lastKnownFileType = folder.assetcatalog; path = Assets.xcassets; sourceTree = "<group>"; };
		DAEF0C771C3BAB81009E52FF /* Base */ = {isa = PBXFileReference; lastKnownFileType = file.storyboard; name = Base; path = Base.lproj/LaunchScreen.storyboard; sourceTree = "<group>"; };
		DAEF0C791C3BAB81009E52FF /* Info.plist */ = {isa = PBXFileReference; lastKnownFileType = text.plist.xml; path = Info.plist; sourceTree = "<group>"; };
		DAEF0C7E1C3BAB81009E52FF /* pomeloTests.xctest */ = {isa = PBXFileReference; explicitFileType = wrapper.cfbundle; includeInIndex = 0; path = pomeloTests.xctest; sourceTree = BUILT_PRODUCTS_DIR; };
		DAEF0C821C3BAB81009E52FF /* pomeloTests.swift */ = {isa = PBXFileReference; lastKnownFileType = sourcecode.swift; path = pomeloTests.swift; sourceTree = "<group>"; };
		DAEF0C841C3BAB81009E52FF /* Info.plist */ = {isa = PBXFileReference; lastKnownFileType = text.plist.xml; path = Info.plist; sourceTree = "<group>"; };
		DAEF0C891C3BAB81009E52FF /* pomeloUITests.xctest */ = {isa = PBXFileReference; explicitFileType = wrapper.cfbundle; includeInIndex = 0; path = pomeloUITests.xctest; sourceTree = BUILT_PRODUCTS_DIR; };
		DAEF0C8D1C3BAB81009E52FF /* pomeloUITests.swift */ = {isa = PBXFileReference; lastKnownFileType = sourcecode.swift; path = pomeloUITests.swift; sourceTree = "<group>"; };
		DAEF0C8F1C3BAB81009E52FF /* Info.plist */ = {isa = PBXFileReference; lastKnownFileType = text.plist.xml; path = Info.plist; sourceTree = "<group>"; };
		DAF71AC31C4E10EC00969691 /* BaseApi.swift */ = {isa = PBXFileReference; fileEncoding = 4; lastKnownFileType = sourcecode.swift; path = BaseApi.swift; sourceTree = "<group>"; };
		DAF71AC51C4F7F3700969691 /* RootController.swift */ = {isa = PBXFileReference; fileEncoding = 4; lastKnownFileType = sourcecode.swift; path = RootController.swift; sourceTree = "<group>"; };
		DAF71AC71C4F7F6B00969691 /* RegisterController.swift */ = {isa = PBXFileReference; fileEncoding = 4; lastKnownFileType = sourcecode.swift; path = RegisterController.swift; sourceTree = "<group>"; };
/* End PBXFileReference section */

/* Begin PBXFrameworksBuildPhase section */
		DAEF0C651C3BAB81009E52FF /* Frameworks */ = {
			isa = PBXFrameworksBuildPhase;
			buildActionMask = 2147483647;
			files = (
				306CF2C980B5598F3A9F4EDB /* Pods.framework in Frameworks */,
			);
			runOnlyForDeploymentPostprocessing = 0;
		};
		DAEF0C7B1C3BAB81009E52FF /* Frameworks */ = {
			isa = PBXFrameworksBuildPhase;
			buildActionMask = 2147483647;
			files = (
			);
			runOnlyForDeploymentPostprocessing = 0;
		};
		DAEF0C861C3BAB81009E52FF /* Frameworks */ = {
			isa = PBXFrameworksBuildPhase;
			buildActionMask = 2147483647;
			files = (
			);
			runOnlyForDeploymentPostprocessing = 0;
		};
/* End PBXFrameworksBuildPhase section */

/* Begin PBXGroup section */
		A60A700F7709C072F9A926EF /* Pods */ = {
			isa = PBXGroup;
			children = (
				4303C0B3783024E7C66619A3 /* Pods.debug.xcconfig */,
				D1B657D19CAFE63EEE4DB4FF /* Pods.release.xcconfig */,
			);
			name = Pods;
			sourceTree = "<group>";
		};
		DA16506D1C56828B00B47683 /* Views */ = {
			isa = PBXGroup;
			children = (
				DA16506E1C5682B100B47683 /* AddPieceView.swift */,
				DA1650701C5742E700B47683 /* AddCommentView.swift */,
				DAB5029A1C61ADD900DE9ACC /* SharpSeparatorView.swift */,
			);
			name = Views;
			sourceTree = "<group>";
		};
		DA1650741C5B3C9100B47683 /* Utils */ = {
			isa = PBXGroup;
			children = (
				DA1650721C5B189300B47683 /* UIImage+Normalized.swift */,
				DA1650751C5B3CB600B47683 /* UIImageView+Load.swift */,
				DA1650791C5B60BC00B47683 /* UIButton+Load.swift */,
				DA16507B1C6082EC00B47683 /* UIColor+Style.swift */,
				DA16507D1C60885A00B47683 /* UIConstant.swift */,
			);
			name = Utils;
			sourceTree = "<group>";
		};
		DA662BCC1C3BC595001D2855 /* Models */ = {
			isa = PBXGroup;
			children = (
				DA662BDA1C41595B001D2855 /* Channel.swift */,
				DA662BDC1C41596E001D2855 /* Piece.swift */,
				DA662BDE1C415A2A001D2855 /* User.swift */,
				DA662BF61C452BC6001D2855 /* Comment.swift */,
			);
			name = Models;
			sourceTree = "<group>";
		};
		DA662BCD1C3BC5A1001D2855 /* Controllers */ = {
			isa = PBXGroup;
			children = (
				DA662BD01C4157C3001D2855 /* MainController.swift */,
				DA662BD21C41582B001D2855 /* FavorChannelTableViewController.swift */,
				DA662BD41C41583F001D2855 /* SuggestChannelTableViewController.swift */,
				DA662BD61C415886001D2855 /* Channel1ViewController.swift */,
				DA662BD81C4158A8001D2855 /* ProfileViewController.swift */,
				DA662BF01C42AD36001D2855 /* Piece1ViewController.swift */,
				DAF71AC51C4F7F3700969691 /* RootController.swift */,
				DAF71AC71C4F7F6B00969691 /* RegisterController.swift */,
				DA132FE11C5623D9004938F4 /* PieceViewController.swift */,
				DA132FE31C562806004938F4 /* ChannelViewController.swift */,
			);
			name = Controllers;
			sourceTree = "<group>";
		};
		DA662BCE1C3BC5AE001D2855 /* Cells */ = {
			isa = PBXGroup;
			children = (
				DA662BEC1C425156001D2855 /* ChannelListCell.swift */,
				DA662BEE1C4263FF001D2855 /* PieceListCell.swift */,
				DA662BF21C42AE68001D2855 /* CommentCell.swift */,
				DA662BF41C451CE5001D2855 /* PieceDetailCell.swift */,
				DA1650771C5B5A4800B47683 /* ProfileCell.swift */,
			);
			name = Cells;
			sourceTree = "<group>";
		};
		DA662BCF1C3BC7A2001D2855 /* Apis */ = {
			isa = PBXGroup;
			children = (
				DA662BE01C415BFC001D2855 /* UserApi.swift */,
				DA662BE21C415C08001D2855 /* ChannelApi.swift */,
				DA662BE41C415C13001D2855 /* PieceApi.swift */,
				DA662BE61C424510001D2855 /* User+Api.swift */,
				DA662BE81C42451F001D2855 /* Piece+Api.swift */,
				DA662BEA1C42452C001D2855 /* Channel+Api.swift */,
				DA662BF81C45F380001D2855 /* Comment+Api.swift */,
				DA662BFA1C45F769001D2855 /* CommentApi.swift */,
				DAF71AC31C4E10EC00969691 /* BaseApi.swift */,
			);
			name = Apis;
			sourceTree = "<group>";
		};
		DAEF0C5F1C3BAB81009E52FF = {
			isa = PBXGroup;
			children = (
				DAEF0C6A1C3BAB81009E52FF /* pomelo */,
				DAEF0C811C3BAB81009E52FF /* pomeloTests */,
				DAEF0C8C1C3BAB81009E52FF /* pomeloUITests */,
				DAEF0C691C3BAB81009E52FF /* Products */,
				E5654EF7856D8B239DD1ECA5 /* Frameworks */,
				A60A700F7709C072F9A926EF /* Pods */,
			);
			sourceTree = "<group>";
		};
		DAEF0C691C3BAB81009E52FF /* Products */ = {
			isa = PBXGroup;
			children = (
				DAEF0C681C3BAB81009E52FF /* pomelo.app */,
				DAEF0C7E1C3BAB81009E52FF /* pomeloTests.xctest */,
				DAEF0C891C3BAB81009E52FF /* pomeloUITests.xctest */,
			);
			name = Products;
			sourceTree = "<group>";
		};
		DAEF0C6A1C3BAB81009E52FF /* pomelo */ = {
			isa = PBXGroup;
			children = (
				DA1650741C5B3C9100B47683 /* Utils */,
				DA16506D1C56828B00B47683 /* Views */,
				DA662BCF1C3BC7A2001D2855 /* Apis */,
				DA662BCE1C3BC5AE001D2855 /* Cells */,
				DA662BCD1C3BC5A1001D2855 /* Controllers */,
				DA662BCC1C3BC595001D2855 /* Models */,
				DAEF0C6B1C3BAB81009E52FF /* AppDelegate.swift */,
				DAEF0C711C3BAB81009E52FF /* Main.storyboard */,
				DAEF0C741C3BAB81009E52FF /* Assets.xcassets */,
				DAEF0C761C3BAB81009E52FF /* LaunchScreen.storyboard */,
				DAEF0C791C3BAB81009E52FF /* Info.plist */,
			);
			path = pomelo;
			sourceTree = "<group>";
		};
		DAEF0C811C3BAB81009E52FF /* pomeloTests */ = {
			isa = PBXGroup;
			children = (
				DAEF0C821C3BAB81009E52FF /* pomeloTests.swift */,
				DAEF0C841C3BAB81009E52FF /* Info.plist */,
			);
			path = pomeloTests;
			sourceTree = "<group>";
		};
		DAEF0C8C1C3BAB81009E52FF /* pomeloUITests */ = {
			isa = PBXGroup;
			children = (
				DAEF0C8D1C3BAB81009E52FF /* pomeloUITests.swift */,
				DAEF0C8F1C3BAB81009E52FF /* Info.plist */,
			);
			path = pomeloUITests;
			sourceTree = "<group>";
		};
		E5654EF7856D8B239DD1ECA5 /* Frameworks */ = {
			isa = PBXGroup;
			children = (
				79377143674F87C3310F5498 /* Pods.framework */,
			);
			name = Frameworks;
			sourceTree = "<group>";
		};
/* End PBXGroup section */

/* Begin PBXNativeTarget section */
		DAEF0C671C3BAB81009E52FF /* pomelo */ = {
			isa = PBXNativeTarget;
			buildConfigurationList = DAEF0C921C3BAB81009E52FF /* Build configuration list for PBXNativeTarget "pomelo" */;
			buildPhases = (
				81493EEF4417D385971A4492 /* Check Pods Manifest.lock */,
				DAEF0C641C3BAB81009E52FF /* Sources */,
				DAEF0C651C3BAB81009E52FF /* Frameworks */,
				DAEF0C661C3BAB81009E52FF /* Resources */,
				AB220B4612DB833820B0CAE6 /* Embed Pods Frameworks */,
				914451ACBE0631AB9AE6F6E8 /* Copy Pods Resources */,
			);
			buildRules = (
			);
			dependencies = (
			);
			name = pomelo;
			productName = pomelo;
			productReference = DAEF0C681C3BAB81009E52FF /* pomelo.app */;
			productType = "com.apple.product-type.application";
		};
		DAEF0C7D1C3BAB81009E52FF /* pomeloTests */ = {
			isa = PBXNativeTarget;
			buildConfigurationList = DAEF0C951C3BAB81009E52FF /* Build configuration list for PBXNativeTarget "pomeloTests" */;
			buildPhases = (
				DAEF0C7A1C3BAB81009E52FF /* Sources */,
				DAEF0C7B1C3BAB81009E52FF /* Frameworks */,
				DAEF0C7C1C3BAB81009E52FF /* Resources */,
			);
			buildRules = (
			);
			dependencies = (
				DAEF0C801C3BAB81009E52FF /* PBXTargetDependency */,
			);
			name = pomeloTests;
			productName = pomeloTests;
			productReference = DAEF0C7E1C3BAB81009E52FF /* pomeloTests.xctest */;
			productType = "com.apple.product-type.bundle.unit-test";
		};
		DAEF0C881C3BAB81009E52FF /* pomeloUITests */ = {
			isa = PBXNativeTarget;
			buildConfigurationList = DAEF0C981C3BAB81009E52FF /* Build configuration list for PBXNativeTarget "pomeloUITests" */;
			buildPhases = (
				DAEF0C851C3BAB81009E52FF /* Sources */,
				DAEF0C861C3BAB81009E52FF /* Frameworks */,
				DAEF0C871C3BAB81009E52FF /* Resources */,
			);
			buildRules = (
			);
			dependencies = (
				DAEF0C8B1C3BAB81009E52FF /* PBXTargetDependency */,
			);
			name = pomeloUITests;
			productName = pomeloUITests;
			productReference = DAEF0C891C3BAB81009E52FF /* pomeloUITests.xctest */;
			productType = "com.apple.product-type.bundle.ui-testing";
		};
/* End PBXNativeTarget section */

/* Begin PBXProject section */
		DAEF0C601C3BAB81009E52FF /* Project object */ = {
			isa = PBXProject;
			attributes = {
				LastSwiftUpdateCheck = 0720;
				LastUpgradeCheck = 0720;
				ORGANIZATIONNAME = zhouqi;
				TargetAttributes = {
					DAEF0C671C3BAB81009E52FF = {
						CreatedOnToolsVersion = 7.2;
						DevelopmentTeam = RC8KCAQRM7;
					};
					DAEF0C7D1C3BAB81009E52FF = {
						CreatedOnToolsVersion = 7.2;
						TestTargetID = DAEF0C671C3BAB81009E52FF;
					};
					DAEF0C881C3BAB81009E52FF = {
						CreatedOnToolsVersion = 7.2;
						TestTargetID = DAEF0C671C3BAB81009E52FF;
					};
				};
			};
			buildConfigurationList = DAEF0C631C3BAB81009E52FF /* Build configuration list for PBXProject "pomelo" */;
			compatibilityVersion = "Xcode 3.2";
			developmentRegion = English;
			hasScannedForEncodings = 0;
			knownRegions = (
				en,
				Base,
			);
			mainGroup = DAEF0C5F1C3BAB81009E52FF;
			productRefGroup = DAEF0C691C3BAB81009E52FF /* Products */;
			projectDirPath = "";
			projectRoot = "";
			targets = (
				DAEF0C671C3BAB81009E52FF /* pomelo */,
				DAEF0C7D1C3BAB81009E52FF /* pomeloTests */,
				DAEF0C881C3BAB81009E52FF /* pomeloUITests */,
			);
		};
/* End PBXProject section */

/* Begin PBXResourcesBuildPhase section */
		DAEF0C661C3BAB81009E52FF /* Resources */ = {
			isa = PBXResourcesBuildPhase;
			buildActionMask = 2147483647;
			files = (
				DAEF0C781C3BAB81009E52FF /* LaunchScreen.storyboard in Resources */,
				DAEF0C751C3BAB81009E52FF /* Assets.xcassets in Resources */,
				DAEF0C731C3BAB81009E52FF /* Main.storyboard in Resources */,
			);
			runOnlyForDeploymentPostprocessing = 0;
		};
		DAEF0C7C1C3BAB81009E52FF /* Resources */ = {
			isa = PBXResourcesBuildPhase;
			buildActionMask = 2147483647;
			files = (
			);
			runOnlyForDeploymentPostprocessing = 0;
		};
		DAEF0C871C3BAB81009E52FF /* Resources */ = {
			isa = PBXResourcesBuildPhase;
			buildActionMask = 2147483647;
			files = (
			);
			runOnlyForDeploymentPostprocessing = 0;
		};
/* End PBXResourcesBuildPhase section */

/* Begin PBXShellScriptBuildPhase section */
		81493EEF4417D385971A4492 /* Check Pods Manifest.lock */ = {
			isa = PBXShellScriptBuildPhase;
			buildActionMask = 2147483647;
			files = (
			);
			inputPaths = (
			);
			name = "Check Pods Manifest.lock";
			outputPaths = (
			);
			runOnlyForDeploymentPostprocessing = 0;
			shellPath = /bin/sh;
			shellScript = "diff \"${PODS_ROOT}/../Podfile.lock\" \"${PODS_ROOT}/Manifest.lock\" > /dev/null\nif [[ $? != 0 ]] ; then\n    cat << EOM\nerror: The sandbox is not in sync with the Podfile.lock. Run 'pod install' or update your CocoaPods installation.\nEOM\n    exit 1\nfi\n";
			showEnvVarsInLog = 0;
		};
		914451ACBE0631AB9AE6F6E8 /* Copy Pods Resources */ = {
			isa = PBXShellScriptBuildPhase;
			buildActionMask = 2147483647;
			files = (
			);
			inputPaths = (
			);
			name = "Copy Pods Resources";
			outputPaths = (
			);
			runOnlyForDeploymentPostprocessing = 0;
			shellPath = /bin/sh;
			shellScript = "\"${SRCROOT}/Pods/Target Support Files/Pods/Pods-resources.sh\"\n";
			showEnvVarsInLog = 0;
		};
		AB220B4612DB833820B0CAE6 /* Embed Pods Frameworks */ = {
			isa = PBXShellScriptBuildPhase;
			buildActionMask = 2147483647;
			files = (
			);
			inputPaths = (
			);
			name = "Embed Pods Frameworks";
			outputPaths = (
			);
			runOnlyForDeploymentPostprocessing = 0;
			shellPath = /bin/sh;
			shellScript = "\"${SRCROOT}/Pods/Target Support Files/Pods/Pods-frameworks.sh\"\n";
			showEnvVarsInLog = 0;
		};
/* End PBXShellScriptBuildPhase section */

/* Begin PBXSourcesBuildPhase section */
		DAEF0C641C3BAB81009E52FF /* Sources */ = {
			isa = PBXSourcesBuildPhase;
			buildActionMask = 2147483647;
			files = (
				DA132FE21C5623D9004938F4 /* PieceViewController.swift in Sources */,
				DA662BF31C42AE68001D2855 /* CommentCell.swift in Sources */,
				DA662BF51C451CE5001D2855 /* PieceDetailCell.swift in Sources */,
				DAB5029B1C61ADD900DE9ACC /* SharpSeparatorView.swift in Sources */,
				DA1650781C5B5A4800B47683 /* ProfileCell.swift in Sources */,
				DA662BDB1C41595B001D2855 /* Channel.swift in Sources */,
				DA16506F1C5682B100B47683 /* AddPieceView.swift in Sources */,
				DA662BE11C415BFC001D2855 /* UserApi.swift in Sources */,
				DA662BD11C4157C3001D2855 /* MainController.swift in Sources */,
				DAF71AC61C4F7F3700969691 /* RootController.swift in Sources */,
				DAF71AC41C4E10EC00969691 /* BaseApi.swift in Sources */,
				DA662BF11C42AD36001D2855 /* Piece1ViewController.swift in Sources */,
				DA662BE31C415C08001D2855 /* ChannelApi.swift in Sources */,
				DAEF0C6C1C3BAB81009E52FF /* AppDelegate.swift in Sources */,
				DA662BE51C415C13001D2855 /* PieceApi.swift in Sources */,
				DA662BD31C41582B001D2855 /* FavorChannelTableViewController.swift in Sources */,
				DA662BF71C452BC6001D2855 /* Comment.swift in Sources */,
				DA662BEF1C4263FF001D2855 /* PieceListCell.swift in Sources */,
				DAF71AC81C4F7F6B00969691 /* RegisterController.swift in Sources */,
				DA662BEB1C42452C001D2855 /* Channel+Api.swift in Sources */,
				DA662BE91C42451F001D2855 /* Piece+Api.swift in Sources */,
				DA662BED1C425156001D2855 /* ChannelListCell.swift in Sources */,
				DA662BFB1C45F769001D2855 /* CommentApi.swift in Sources */,
				DA662BDD1C41596E001D2855 /* Piece.swift in Sources */,
				DA16507E1C60885A00B47683 /* UIConstant.swift in Sources */,
				DA1650711C5742E700B47683 /* AddCommentView.swift in Sources */,
				DA132FE41C562806004938F4 /* ChannelViewController.swift in Sources */,
				DA1650761C5B3CB600B47683 /* UIImageView+Load.swift in Sources */,
				DA662BDF1C415A2A001D2855 /* User.swift in Sources */,
				DA662BD51C41583F001D2855 /* SuggestChannelTableViewController.swift in Sources */,
				DA662BE71C424510001D2855 /* User+Api.swift in Sources */,
				DA16507A1C5B60BC00B47683 /* UIButton+Load.swift in Sources */,
				DA16507C1C6082EC00B47683 /* UIColor+Style.swift in Sources */,
				DA1650731C5B189300B47683 /* UIImage+Normalized.swift in Sources */,
				DA662BD71C415886001D2855 /* Channel1ViewController.swift in Sources */,
				DA662BF91C45F380001D2855 /* Comment+Api.swift in Sources */,
				DA662BD91C4158A8001D2855 /* ProfileViewController.swift in Sources */,
			);
			runOnlyForDeploymentPostprocessing = 0;
		};
		DAEF0C7A1C3BAB81009E52FF /* Sources */ = {
			isa = PBXSourcesBuildPhase;
			buildActionMask = 2147483647;
			files = (
				DAEF0C831C3BAB81009E52FF /* pomeloTests.swift in Sources */,
			);
			runOnlyForDeploymentPostprocessing = 0;
		};
		DAEF0C851C3BAB81009E52FF /* Sources */ = {
			isa = PBXSourcesBuildPhase;
			buildActionMask = 2147483647;
			files = (
				DAEF0C8E1C3BAB81009E52FF /* pomeloUITests.swift in Sources */,
			);
			runOnlyForDeploymentPostprocessing = 0;
		};
/* End PBXSourcesBuildPhase section */

/* Begin PBXTargetDependency section */
		DAEF0C801C3BAB81009E52FF /* PBXTargetDependency */ = {
			isa = PBXTargetDependency;
			target = DAEF0C671C3BAB81009E52FF /* pomelo */;
			targetProxy = DAEF0C7F1C3BAB81009E52FF /* PBXContainerItemProxy */;
		};
		DAEF0C8B1C3BAB81009E52FF /* PBXTargetDependency */ = {
			isa = PBXTargetDependency;
			target = DAEF0C671C3BAB81009E52FF /* pomelo */;
			targetProxy = DAEF0C8A1C3BAB81009E52FF /* PBXContainerItemProxy */;
		};
/* End PBXTargetDependency section */

/* Begin PBXVariantGroup section */
		DAEF0C711C3BAB81009E52FF /* Main.storyboard */ = {
			isa = PBXVariantGroup;
			children = (
				DAEF0C721C3BAB81009E52FF /* Base */,
			);
			name = Main.storyboard;
			sourceTree = "<group>";
		};
		DAEF0C761C3BAB81009E52FF /* LaunchScreen.storyboard */ = {
			isa = PBXVariantGroup;
			children = (
				DAEF0C771C3BAB81009E52FF /* Base */,
			);
			name = LaunchScreen.storyboard;
			sourceTree = "<group>";
		};
/* End PBXVariantGroup section */

/* Begin XCBuildConfiguration section */
		DAEF0C901C3BAB81009E52FF /* Debug */ = {
			isa = XCBuildConfiguration;
			buildSettings = {
				ALWAYS_SEARCH_USER_PATHS = NO;
				CLANG_CXX_LANGUAGE_STANDARD = "gnu++0x";
				CLANG_CXX_LIBRARY = "libc++";
				CLANG_ENABLE_MODULES = YES;
				CLANG_ENABLE_OBJC_ARC = YES;
				CLANG_WARN_BOOL_CONVERSION = YES;
				CLANG_WARN_CONSTANT_CONVERSION = YES;
				CLANG_WARN_DIRECT_OBJC_ISA_USAGE = YES_ERROR;
				CLANG_WARN_EMPTY_BODY = YES;
				CLANG_WARN_ENUM_CONVERSION = YES;
				CLANG_WARN_INT_CONVERSION = YES;
				CLANG_WARN_OBJC_ROOT_CLASS = YES_ERROR;
				CLANG_WARN_UNREACHABLE_CODE = YES;
				CLANG_WARN__DUPLICATE_METHOD_MATCH = YES;
				"CODE_SIGN_IDENTITY[sdk=iphoneos*]" = "iPhone Developer";
				COPY_PHASE_STRIP = NO;
				DEBUG_INFORMATION_FORMAT = dwarf;
				ENABLE_STRICT_OBJC_MSGSEND = YES;
				ENABLE_TESTABILITY = YES;
				GCC_C_LANGUAGE_STANDARD = gnu99;
				GCC_DYNAMIC_NO_PIC = NO;
				GCC_NO_COMMON_BLOCKS = YES;
				GCC_OPTIMIZATION_LEVEL = 0;
				GCC_PREPROCESSOR_DEFINITIONS = (
					"DEBUG=1",
					"$(inherited)",
				);
				GCC_WARN_64_TO_32_BIT_CONVERSION = YES;
				GCC_WARN_ABOUT_RETURN_TYPE = YES_ERROR;
				GCC_WARN_UNDECLARED_SELECTOR = YES;
				GCC_WARN_UNINITIALIZED_AUTOS = YES_AGGRESSIVE;
				GCC_WARN_UNUSED_FUNCTION = YES;
				GCC_WARN_UNUSED_VARIABLE = YES;
				IPHONEOS_DEPLOYMENT_TARGET = 9.2;
				MTL_ENABLE_DEBUG_INFO = YES;
				ONLY_ACTIVE_ARCH = YES;
				SDKROOT = iphoneos;
				SWIFT_OPTIMIZATION_LEVEL = "-Onone";
			};
			name = Debug;
		};
		DAEF0C911C3BAB81009E52FF /* Release */ = {
			isa = XCBuildConfiguration;
			buildSettings = {
				ALWAYS_SEARCH_USER_PATHS = NO;
				CLANG_CXX_LANGUAGE_STANDARD = "gnu++0x";
				CLANG_CXX_LIBRARY = "libc++";
				CLANG_ENABLE_MODULES = YES;
				CLANG_ENABLE_OBJC_ARC = YES;
				CLANG_WARN_BOOL_CONVERSION = YES;
				CLANG_WARN_CONSTANT_CONVERSION = YES;
				CLANG_WARN_DIRECT_OBJC_ISA_USAGE = YES_ERROR;
				CLANG_WARN_EMPTY_BODY = YES;
				CLANG_WARN_ENUM_CONVERSION = YES;
				CLANG_WARN_INT_CONVERSION = YES;
				CLANG_WARN_OBJC_ROOT_CLASS = YES_ERROR;
				CLANG_WARN_UNREACHABLE_CODE = YES;
				CLANG_WARN__DUPLICATE_METHOD_MATCH = YES;
				"CODE_SIGN_IDENTITY[sdk=iphoneos*]" = "iPhone Developer";
				COPY_PHASE_STRIP = NO;
				DEBUG_INFORMATION_FORMAT = "dwarf-with-dsym";
				ENABLE_NS_ASSERTIONS = NO;
				ENABLE_STRICT_OBJC_MSGSEND = YES;
				GCC_C_LANGUAGE_STANDARD = gnu99;
				GCC_NO_COMMON_BLOCKS = YES;
				GCC_WARN_64_TO_32_BIT_CONVERSION = YES;
				GCC_WARN_ABOUT_RETURN_TYPE = YES_ERROR;
				GCC_WARN_UNDECLARED_SELECTOR = YES;
				GCC_WARN_UNINITIALIZED_AUTOS = YES_AGGRESSIVE;
				GCC_WARN_UNUSED_FUNCTION = YES;
				GCC_WARN_UNUSED_VARIABLE = YES;
				IPHONEOS_DEPLOYMENT_TARGET = 9.2;
				MTL_ENABLE_DEBUG_INFO = NO;
				SDKROOT = iphoneos;
				VALIDATE_PRODUCT = YES;
			};
			name = Release;
		};
		DAEF0C931C3BAB81009E52FF /* Debug */ = {
			isa = XCBuildConfiguration;
			baseConfigurationReference = 4303C0B3783024E7C66619A3 /* Pods.debug.xcconfig */;
			buildSettings = {
				ASSETCATALOG_COMPILER_APPICON_NAME = AppIcon;
				CODE_SIGN_IDENTITY = "iPhone Developer";
				INFOPLIST_FILE = pomelo/Info.plist;
				IPHONEOS_DEPLOYMENT_TARGET = 9.0;
				LD_RUNPATH_SEARCH_PATHS = "$(inherited) @executable_path/Frameworks";
				PRODUCT_BUNDLE_IDENTIFIER = work.zhouqi.pomelo;
				PRODUCT_NAME = "$(TARGET_NAME)";
			};
			name = Debug;
		};
		DAEF0C941C3BAB81009E52FF /* Release */ = {
			isa = XCBuildConfiguration;
			baseConfigurationReference = D1B657D19CAFE63EEE4DB4FF /* Pods.release.xcconfig */;
			buildSettings = {
				ASSETCATALOG_COMPILER_APPICON_NAME = AppIcon;
				CODE_SIGN_IDENTITY = "iPhone Developer";
				INFOPLIST_FILE = pomelo/Info.plist;
				IPHONEOS_DEPLOYMENT_TARGET = 9.0;
				LD_RUNPATH_SEARCH_PATHS = "$(inherited) @executable_path/Frameworks";
				PRODUCT_BUNDLE_IDENTIFIER = work.zhouqi.pomelo;
				PRODUCT_NAME = "$(TARGET_NAME)";
			};
			name = Release;
		};
		DAEF0C961C3BAB81009E52FF /* Debug */ = {
			isa = XCBuildConfiguration;
			buildSettings = {
				BUNDLE_LOADER = "$(TEST_HOST)";
				INFOPLIST_FILE = pomeloTests/Info.plist;
				LD_RUNPATH_SEARCH_PATHS = "$(inherited) @executable_path/Frameworks @loader_path/Frameworks";
				PRODUCT_BUNDLE_IDENTIFIER = work.zhouqi.pomeloTests;
				PRODUCT_NAME = "$(TARGET_NAME)";
				TEST_HOST = "$(BUILT_PRODUCTS_DIR)/pomelo.app/pomelo";
			};
			name = Debug;
		};
		DAEF0C971C3BAB81009E52FF /* Release */ = {
			isa = XCBuildConfiguration;
			buildSettings = {
				BUNDLE_LOADER = "$(TEST_HOST)";
				INFOPLIST_FILE = pomeloTests/Info.plist;
				LD_RUNPATH_SEARCH_PATHS = "$(inherited) @executable_path/Frameworks @loader_path/Frameworks";
				PRODUCT_BUNDLE_IDENTIFIER = work.zhouqi.pomeloTests;
				PRODUCT_NAME = "$(TARGET_NAME)";
				TEST_HOST = "$(BUILT_PRODUCTS_DIR)/pomelo.app/pomelo";
			};
			name = Release;
		};
		DAEF0C991C3BAB81009E52FF /* Debug */ = {
			isa = XCBuildConfiguration;
			buildSettings = {
				INFOPLIST_FILE = pomeloUITests/Info.plist;
				LD_RUNPATH_SEARCH_PATHS = "$(inherited) @executable_path/Frameworks @loader_path/Frameworks";
				PRODUCT_BUNDLE_IDENTIFIER = work.zhouqi.pomeloUITests;
				PRODUCT_NAME = "$(TARGET_NAME)";
				TEST_TARGET_NAME = pomelo;
				USES_XCTRUNNER = YES;
			};
			name = Debug;
		};
		DAEF0C9A1C3BAB81009E52FF /* Release */ = {
			isa = XCBuildConfiguration;
			buildSettings = {
				INFOPLIST_FILE = pomeloUITests/Info.plist;
				LD_RUNPATH_SEARCH_PATHS = "$(inherited) @executable_path/Frameworks @loader_path/Frameworks";
				PRODUCT_BUNDLE_IDENTIFIER = work.zhouqi.pomeloUITests;
				PRODUCT_NAME = "$(TARGET_NAME)";
				TEST_TARGET_NAME = pomelo;
				USES_XCTRUNNER = YES;
			};
			name = Release;
		};
/* End XCBuildConfiguration section */

/* Begin XCConfigurationList section */
		DAEF0C631C3BAB81009E52FF /* Build configuration list for PBXProject "pomelo" */ = {
			isa = XCConfigurationList;
			buildConfigurations = (
				DAEF0C901C3BAB81009E52FF /* Debug */,
				DAEF0C911C3BAB81009E52FF /* Release */,
			);
			defaultConfigurationIsVisible = 0;
			defaultConfigurationName = Release;
		};
		DAEF0C921C3BAB81009E52FF /* Build configuration list for PBXNativeTarget "pomelo" */ = {
			isa = XCConfigurationList;
			buildConfigurations = (
				DAEF0C931C3BAB81009E52FF /* Debug */,
				DAEF0C941C3BAB81009E52FF /* Release */,
			);
			defaultConfigurationIsVisible = 0;
			defaultConfigurationName = Release;
		};
		DAEF0C951C3BAB81009E52FF /* Build configuration list for PBXNativeTarget "pomeloTests" */ = {
			isa = XCConfigurationList;
			buildConfigurations = (
				DAEF0C961C3BAB81009E52FF /* Debug */,
				DAEF0C971C3BAB81009E52FF /* Release */,
			);
			defaultConfigurationIsVisible = 0;
			defaultConfigurationName = Release;
		};
		DAEF0C981C3BAB81009E52FF /* Build configuration list for PBXNativeTarget "pomeloUITests" */ = {
			isa = XCConfigurationList;
			buildConfigurations = (
				DAEF0C991C3BAB81009E52FF /* Debug */,
				DAEF0C9A1C3BAB81009E52FF /* Release */,
			);
			defaultConfigurationIsVisible = 0;
			defaultConfigurationName = Release;
		};
/* End XCConfigurationList section */
	};
	rootObject = DAEF0C601C3BAB81009E52FF /* Project object */;
}
